
Microsoft Visual Studio Solution File, Format Version 12.00
# Visual Studio Version 17
VisualStudioVersion = 17.14.36623.8
MinimumVisualStudioVersion = 10.0.40219.1
Project("{FAE04EC0-301F-11D3-BF4B-00C04F79EFBC}") = "LoginPage", "LoginPage.csproj", "{81A93590-555E-4A33-98D7-1B6B6FD35017}"
EndProject
Global
	GlobalSection(SolutionConfigurationPlatforms) = preSolution
		Debug|Any CPU = Debug|Any CPU
		Release|Any CPU = Release|Any CPU
	EndGlobalSection
	GlobalSection(ProjectConfigurationPlatforms) = postSolution
		{81A93590-555E-4A33-98D7-1B6B6FD35017}.Debug|Any CPU.ActiveCfg = Debug|Any CPU
		{81A93590-555E-4A33-98D7-1B6B6FD35017}.Debug|Any CPU.Build.0 = Debug|Any CPU
		{81A93590-555E-4A33-98D7-1B6B6FD35017}.Release|Any CPU.ActiveCfg = Release|Any CPU
		{81A93590-555E-4A33-98D7-1B6B6FD35017}.Release|Any CPU.Build.0 = Release|Any CPU
	EndGlobalSection
	GlobalSection(SolutionProperties) = preSolution
		HideSolutionNode = FALSE
	EndGlobalSection
	GlobalSection(ExtensibilityGlobals) = postSolution
		SolutionGuid = {3EA6C9DB-441F-4792-B64A-F348A4BC558E}
	EndGlobalSection
EndGlobal
